
Microsoft Visual Studio Solution File, Format Version 12.00
# Visual Studio Version 17
VisualStudioVersion = 17.7.34221.43
MinimumVisualStudioVersion = 10.0.40219.1
Project("{FAE04EC0-301F-11D3-BF4B-00C04F79EFBC}") = "WebNewsApplication", "WebNewsApplication\WebNewsApplication.csproj", "{2797D588-2A4A-4110-9DA1-1FBC13F6CEDD}"
EndProject
Global
	GlobalSection(SolutionConfigurationPlatforms) = preSolution
		Debug|Any CPU = Debug|Any CPU
		Release|Any CPU = Release|Any CPU
	EndGlobalSection
	GlobalSection(ProjectConfigurationPlatforms) = postSolution
		{2797D588-2A4A-4110-9DA1-1FBC13F6CEDD}.Debug|Any CPU.ActiveCfg = Debug|Any CPU
		{2797D588-2A4A-4110-9DA1-1FBC13F6CEDD}.Debug|Any CPU.Build.0 = Debug|Any CPU
		{2797D588-2A4A-4110-9DA1-1FBC13F6CEDD}.Release|Any CPU.ActiveCfg = Release|Any CPU
		{2797D588-2A4A-4110-9DA1-1FBC13F6CEDD}.Release|Any CPU.Build.0 = Release|Any CPU
	EndGlobalSection
	GlobalSection(SolutionProperties) = preSolution
		HideSolutionNode = FALSE
	EndGlobalSection
	GlobalSection(ExtensibilityGlobals) = postSolution
		SolutionGuid = {A0C6E382-2B97-4894-BA5B-36D7D584402E}
	EndGlobalSection
EndGlobal
